# This file is automatically @generated by Cargo.
# It is not intended for manual editing.
version = 3

[[package]]
name = "archery"
version = "0.5.0"
source = "registry+https://github.com/rust-lang/crates.io-index"
checksum = "b6cd774058b1b415c4855d8b86436c04bf050c003156fe24bc326fb3fe75c343"
dependencies = [
 "static_assertions",
]

[[package]]
name = "rpds"
version = "0.13.0"
source = "registry+https://github.com/rust-lang/crates.io-index"
checksum = "9bd6ce569b15c331b1e5fd8cf6adb0bf240678b5f0cdc4d0f41e11683f6feba9"
dependencies = [
 "archery",
]

[[package]]
name = "serde"
version = "1.0.171"
source = "registry+https://github.com/rust-lang/crates.io-index"
checksum = "30e27d1e4fd7659406c492fd6cfaf2066ba8773de45ca75e855590f856dc34a9"

[[package]]
name = "smol_str"
version = "0.2.0"
source = "registry+https://github.com/rust-lang/crates.io-index"
checksum = "74212e6bbe9a4352329b2f68ba3130c15a3f26fe88ff22dbdc6cdd58fa85e99c"
dependencies = [
 "serde",
]

[[package]]
name = "static_assertions"
version = "1.1.0"
source = "registry+https://github.com/rust-lang/crates.io-index"
checksum = "a2eb9349b6444b326872e140eb1cf5e7c522154d69e7a0ffb0fb81c06b37543f"

[[package]]
name = "tabled-typeclass-resolution"
version = "0.1.0"
dependencies = [
 "rpds",
 "smol_str",
]
